
Microsoft Visual Studio Solution File, Format Version 12.00
# Visual Studio Version 18
VisualStudioVersion = 18.0.11222.15
MinimumVisualStudioVersion = 10.0.40219.1
Project("{FAE04EC0-301F-11D3-BF4B-00C04F79EFBC}") = "SombaOpu", "SombaOpu\SombaOpu.csproj", "{E52F1765-583C-469D-BFC8-1B219B472ACC}"
EndProject
Global
	GlobalSection(SolutionConfigurationPlatforms) = preSolution
		Debug|Any CPU = Debug|Any CPU
		Release|Any CPU = Release|Any CPU
	EndGlobalSection
	GlobalSection(ProjectConfigurationPlatforms) = postSolution
		{E52F1765-583C-469D-BFC8-1B219B472ACC}.Debug|Any CPU.ActiveCfg = Debug|Any CPU
		{E52F1765-583C-469D-BFC8-1B219B472ACC}.Debug|Any CPU.Build.0 = Debug|Any CPU
		{E52F1765-583C-469D-BFC8-1B219B472ACC}.Release|Any CPU.ActiveCfg = Release|Any CPU
		{E52F1765-583C-469D-BFC8-1B219B472ACC}.Release|Any CPU.Build.0 = Release|Any CPU
	EndGlobalSection
	GlobalSection(SolutionProperties) = preSolution
		HideSolutionNode = FALSE
	EndGlobalSection
	GlobalSection(ExtensibilityGlobals) = postSolution
		SolutionGuid = {0033F348-16EA-4D7D-B0EB-F0F678F9E269}
	EndGlobalSection
EndGlobal
